
Microsoft Visual Studio Solution File, Format Version 12.00
# Visual Studio 14
VisualStudioVersion = 14.0.25123.0
MinimumVisualStudioVersion = 10.0.40219.1
Project("{8BC9CEB8-8B4A-11D0-8D11-00A0C91BC942}") = "libevent_2.0.21", "libevent-2.0.21-stable\msvc\libevent_2.0.21.vcxproj", "{9F67A8D6-FEAB-4C8E-A9BA-82D8A10EB2E2}"
EndProject
Project("{8BC9CEB8-8B4A-11D0-8D11-00A0C91BC942}") = "google_test", "google_test\google_test.vcxproj", "{C7FD8E00-752B-462D-9045-FFF1F0C0BDAF}"
EndProject
Project("{8BC9CEB8-8B4A-11D0-8D11-00A0C91BC942}") = "vi_tcp_server_test", "vi_tcp_server_test.vcxproj", "{1629F68A-AA94-47CE-9826-76DB6EAE25F2}"
EndProject
Global
	GlobalSection(SolutionConfigurationPlatforms) = preSolution
		Debug|x86 = Debug|x86
		Release|x86 = Release|x86
	EndGlobalSection
	GlobalSection(ProjectConfigurationPlatforms) = postSolution
		{9F67A8D6-FEAB-4C8E-A9BA-82D8A10EB2E2}.Debug|x86.ActiveCfg = Debug|Win32
		{9F67A8D6-FEAB-4C8E-A9BA-82D8A10EB2E2}.Debug|x86.Build.0 = Debug|Win32
		{9F67A8D6-FEAB-4C8E-A9BA-82D8A10EB2E2}.Release|x86.ActiveCfg = Release|Win32
		{9F67A8D6-FEAB-4C8E-A9BA-82D8A10EB2E2}.Release|x86.Build.0 = Release|Win32
		{C7FD8E00-752B-462D-9045-FFF1F0C0BDAF}.Debug|x86.ActiveCfg = Debug|Win32
		{C7FD8E00-752B-462D-9045-FFF1F0C0BDAF}.Debug|x86.Build.0 = Debug|Win32
		{C7FD8E00-752B-462D-9045-FFF1F0C0BDAF}.Release|x86.ActiveCfg = Release|Win32
		{C7FD8E00-752B-462D-9045-FFF1F0C0BDAF}.Release|x86.Build.0 = Release|Win32
		{1629F68A-AA94-47CE-9826-76DB6EAE25F2}.Debug|x86.ActiveCfg = Debug|Win32
		{1629F68A-AA94-47CE-9826-76DB6EAE25F2}.Debug|x86.Build.0 = Debug|Win32
		{1629F68A-AA94-47CE-9826-76DB6EAE25F2}.Release|x86.ActiveCfg = Release|Win32
		{1629F68A-AA94-47CE-9826-76DB6EAE25F2}.Release|x86.Build.0 = Release|Win32
	EndGlobalSection
	GlobalSection(SolutionProperties) = preSolution
		HideSolutionNode = FALSE
	EndGlobalSection
EndGlobal
